
Microsoft Visual Studio Solution File, Format Version 11.00
# Visual C# Express 2010
Project("{FAE04EC0-301F-11D3-BF4B-00C04F79EFBC}") = "EHRNarrative", "EHRNarrative\EHRNarrative.csproj", "{0408D9F5-D4D3-4533-8153-C7A4D60B2B45}"
EndProject
Project("{FAE04EC0-301F-11D3-BF4B-00C04F79EFBC}") = "MockSLC", "MockSLC\MockSLC.csproj", "{5A46FB1A-56DF-40A9-9668-E7F6A6B280C8}"
EndProject
Project("{FAE04EC0-301F-11D3-BF4B-00C04F79EFBC}") = "TestWindowsMessage", "TestWindowsMessage\TestWindowsMessage.csproj", "{E6C4C02F-ECC8-4709-80E3-A9F63D0EE7AC}"
EndProject
Project("{FAE04EC0-301F-11D3-BF4B-00C04F79EFBC}") = "Dashboard", "Dashboard\CS-WF-dashboard\Dashboard.csproj", "{C62DF4F2-E834-467F-880F-57BD5592A688}"
EndProject
Global
	GlobalSection(SolutionConfigurationPlatforms) = preSolution
		Debug|Any CPU = Debug|Any CPU
		Debug|Mixed Platforms = Debug|Mixed Platforms
		Debug|x64 = Debug|x64
		Debug|x86 = Debug|x86
		Release|Any CPU = Release|Any CPU
		Release|Mixed Platforms = Release|Mixed Platforms
		Release|x64 = Release|x64
		Release|x86 = Release|x86
	EndGlobalSection
	GlobalSection(ProjectConfigurationPlatforms) = postSolution
		{0408D9F5-D4D3-4533-8153-C7A4D60B2B45}.Debug|Any CPU.ActiveCfg = Debug|x86
		{0408D9F5-D4D3-4533-8153-C7A4D60B2B45}.Debug|Mixed Platforms.ActiveCfg = Debug|x64
		{0408D9F5-D4D3-4533-8153-C7A4D60B2B45}.Debug|Mixed Platforms.Build.0 = Debug|x64
		{0408D9F5-D4D3-4533-8153-C7A4D60B2B45}.Debug|x64.ActiveCfg = Debug|x64
		{0408D9F5-D4D3-4533-8153-C7A4D60B2B45}.Debug|x64.Build.0 = Debug|x64
		{0408D9F5-D4D3-4533-8153-C7A4D60B2B45}.Debug|x86.ActiveCfg = Debug|x86
		{0408D9F5-D4D3-4533-8153-C7A4D60B2B45}.Debug|x86.Build.0 = Debug|x86
		{0408D9F5-D4D3-4533-8153-C7A4D60B2B45}.Release|Any CPU.ActiveCfg = Release|x86
		{0408D9F5-D4D3-4533-8153-C7A4D60B2B45}.Release|Mixed Platforms.ActiveCfg = Release|x86
		{0408D9F5-D4D3-4533-8153-C7A4D60B2B45}.Release|Mixed Platforms.Build.0 = Release|x86
		{0408D9F5-D4D3-4533-8153-C7A4D60B2B45}.Release|x64.ActiveCfg = Release|x64
		{0408D9F5-D4D3-4533-8153-C7A4D60B2B45}.Release|x64.Build.0 = Release|x64
		{0408D9F5-D4D3-4533-8153-C7A4D60B2B45}.Release|x86.ActiveCfg = Release|x86
		{0408D9F5-D4D3-4533-8153-C7A4D60B2B45}.Release|x86.Build.0 = Release|x86
		{5A46FB1A-56DF-40A9-9668-E7F6A6B280C8}.Debug|Any CPU.ActiveCfg = Debug|x86
		{5A46FB1A-56DF-40A9-9668-E7F6A6B280C8}.Debug|Mixed Platforms.ActiveCfg = Debug|x64
		{5A46FB1A-56DF-40A9-9668-E7F6A6B280C8}.Debug|Mixed Platforms.Build.0 = Debug|x64
		{5A46FB1A-56DF-40A9-9668-E7F6A6B280C8}.Debug|x64.ActiveCfg = Debug|x64
		{5A46FB1A-56DF-40A9-9668-E7F6A6B280C8}.Debug|x64.Build.0 = Debug|x64
		{5A46FB1A-56DF-40A9-9668-E7F6A6B280C8}.Debug|x86.ActiveCfg = Debug|x86
		{5A46FB1A-56DF-40A9-9668-E7F6A6B280C8}.Debug|x86.Build.0 = Debug|x86
		{5A46FB1A-56DF-40A9-9668-E7F6A6B280C8}.Release|Any CPU.ActiveCfg = Release|x86
		{5A46FB1A-56DF-40A9-9668-E7F6A6B280C8}.Release|Mixed Platforms.ActiveCfg = Release|x86
		{5A46FB1A-56DF-40A9-9668-E7F6A6B280C8}.Release|Mixed Platforms.Build.0 = Release|x86
		{5A46FB1A-56DF-40A9-9668-E7F6A6B280C8}.Release|x64.ActiveCfg = Release|x64
		{5A46FB1A-56DF-40A9-9668-E7F6A6B280C8}.Release|x64.Build.0 = Release|x64
		{5A46FB1A-56DF-40A9-9668-E7F6A6B280C8}.Release|x86.ActiveCfg = Release|x86
		{5A46FB1A-56DF-40A9-9668-E7F6A6B280C8}.Release|x86.Build.0 = Release|x86
		{E6C4C02F-ECC8-4709-80E3-A9F63D0EE7AC}.Debug|Any CPU.ActiveCfg = Debug|x86
		{E6C4C02F-ECC8-4709-80E3-A9F63D0EE7AC}.Debug|Mixed Platforms.ActiveCfg = Debug|x64
		{E6C4C02F-ECC8-4709-80E3-A9F63D0EE7AC}.Debug|Mixed Platforms.Build.0 = Debug|x64
		{E6C4C02F-ECC8-4709-80E3-A9F63D0EE7AC}.Debug|x64.ActiveCfg = Debug|x64
		{E6C4C02F-ECC8-4709-80E3-A9F63D0EE7AC}.Debug|x64.Build.0 = Debug|x64
		{E6C4C02F-ECC8-4709-80E3-A9F63D0EE7AC}.Debug|x86.ActiveCfg = Debug|x86
		{E6C4C02F-ECC8-4709-80E3-A9F63D0EE7AC}.Debug|x86.Build.0 = Debug|x86
		{E6C4C02F-ECC8-4709-80E3-A9F63D0EE7AC}.Release|Any CPU.ActiveCfg = Release|x86
		{E6C4C02F-ECC8-4709-80E3-A9F63D0EE7AC}.Release|Mixed Platforms.ActiveCfg = Release|x86
		{E6C4C02F-ECC8-4709-80E3-A9F63D0EE7AC}.Release|Mixed Platforms.Build.0 = Release|x86
		{E6C4C02F-ECC8-4709-80E3-A9F63D0EE7AC}.Release|x64.ActiveCfg = Release|x64
		{E6C4C02F-ECC8-4709-80E3-A9F63D0EE7AC}.Release|x64.Build.0 = Release|x64
		{E6C4C02F-ECC8-4709-80E3-A9F63D0EE7AC}.Release|x86.ActiveCfg = Release|x86
		{E6C4C02F-ECC8-4709-80E3-A9F63D0EE7AC}.Release|x86.Build.0 = Release|x86
		{C62DF4F2-E834-467F-880F-57BD5592A688}.Debug|Any CPU.ActiveCfg = Debug|x86
		{C62DF4F2-E834-467F-880F-57BD5592A688}.Debug|Mixed Platforms.ActiveCfg = Debug|x64
		{C62DF4F2-E834-467F-880F-57BD5592A688}.Debug|Mixed Platforms.Build.0 = Debug|x64
		{C62DF4F2-E834-467F-880F-57BD5592A688}.Debug|x64.ActiveCfg = Debug|x64
		{C62DF4F2-E834-467F-880F-57BD5592A688}.Debug|x64.Build.0 = Debug|x64
		{C62DF4F2-E834-467F-880F-57BD5592A688}.Debug|x86.ActiveCfg = Debug|x86
		{C62DF4F2-E834-467F-880F-57BD5592A688}.Debug|x86.Build.0 = Debug|x86
		{C62DF4F2-E834-467F-880F-57BD5592A688}.Release|Any CPU.ActiveCfg = Release|x86
		{C62DF4F2-E834-467F-880F-57BD5592A688}.Release|Mixed Platforms.ActiveCfg = Release|x86
		{C62DF4F2-E834-467F-880F-57BD5592A688}.Release|Mixed Platforms.Build.0 = Release|x86
		{C62DF4F2-E834-467F-880F-57BD5592A688}.Release|x64.ActiveCfg = Release|x64
		{C62DF4F2-E834-467F-880F-57BD5592A688}.Release|x64.Build.0 = Release|x64
		{C62DF4F2-E834-467F-880F-57BD5592A688}.Release|x86.ActiveCfg = Release|x86
		{C62DF4F2-E834-467F-880F-57BD5592A688}.Release|x86.Build.0 = Release|x86
	EndGlobalSection
	GlobalSection(SolutionProperties) = preSolution
		HideSolutionNode = FALSE
	EndGlobalSection
EndGlobal
